// !$*UTF8*$!
{
	archiveVersion = 1;
	classes = {
	};
	objectVersion = 50;
	objects = {

/* Begin PBXBuildFile section */
		94D442E922835EFD0042C79D /* AppDelegate.swift in Sources */ = {isa = PBXBuildFile; fileRef = 94D442E822835EFD0042C79D /* AppDelegate.swift */; };
		94D442EE22835EFD0042C79D /* Main.storyboard in Resources */ = {isa = PBXBuildFile; fileRef = 94D442EC22835EFD0042C79D /* Main.storyboard */; };
		94D442F022835EFD0042C79D /* Assets.xcassets in Resources */ = {isa = PBXBuildFile; fileRef = 94D442EF22835EFD0042C79D /* Assets.xcassets */; };
		94D442F322835EFD0042C79D /* LaunchScreen.storyboard in Resources */ = {isa = PBXBuildFile; fileRef = 94D442F122835EFD0042C79D /* LaunchScreen.storyboard */; };
		94D442FB228360550042C79D /* SourcesTableViewController.swift in Sources */ = {isa = PBXBuildFile; fileRef = 94D442FA228360550042C79D /* SourcesTableViewController.swift */; };
		94D442FD228360F50042C79D /* Constants.swift in Sources */ = {isa = PBXBuildFile; fileRef = 94D442FC228360F50042C79D /* Constants.swift */; };
		94D443012283653E0042C79D /* Sources.swift in Sources */ = {isa = PBXBuildFile; fileRef = 94D443002283653E0042C79D /* Sources.swift */; };
		94D44303228368F50042C79D /* ListOfNewsFromSource.swift in Sources */ = {isa = PBXBuildFile; fileRef = 94D44302228368F50042C79D /* ListOfNewsFromSource.swift */; };
		94D44305228371110042C79D /* SelectedSourceFeed.swift in Sources */ = {isa = PBXBuildFile; fileRef = 94D44304228371110042C79D /* SelectedSourceFeed.swift */; };
		94D44307228447830042C79D /* CustomCell.swift in Sources */ = {isa = PBXBuildFile; fileRef = 94D44306228447830042C79D /* CustomCell.swift */; };
		94D4430922857E600042C79D /* EveryThing.swift in Sources */ = {isa = PBXBuildFile; fileRef = 94D4430822857E600042C79D /* EveryThing.swift */; };
		94D4430D228599660042C79D /* CellCustom.swift in Sources */ = {isa = PBXBuildFile; fileRef = 94D4430C228599660042C79D /* CellCustom.swift */; };
		94D4430F2285BA570042C79D /* AdvanceSearch.swift in Sources */ = {isa = PBXBuildFile; fileRef = 94D4430E2285BA570042C79D /* AdvanceSearch.swift */; };
/* End PBXBuildFile section */

/* Begin PBXFileReference section */
		94D442E522835EFD0042C79D /* Deli News.app */ = {isa = PBXFileReference; explicitFileType = wrapper.application; includeInIndex = 0; path = "Deli News.app"; sourceTree = BUILT_PRODUCTS_DIR; };
		94D442E822835EFD0042C79D /* AppDelegate.swift */ = {isa = PBXFileReference; lastKnownFileType = sourcecode.swift; path = AppDelegate.swift; sourceTree = "<group>"; };
		94D442ED22835EFD0042C79D /* Base */ = {isa = PBXFileReference; lastKnownFileType = file.storyboard; name = Base; path = Base.lproj/Main.storyboard; sourceTree = "<group>"; };
		94D442EF22835EFD0042C79D /* Assets.xcassets */ = {isa = PBXFileReference; lastKnownFileType = folder.assetcatalog; path = Assets.xcassets; sourceTree = "<group>"; };
		94D442F222835EFD0042C79D /* Base */ = {isa = PBXFileReference; lastKnownFileType = file.storyboard; name = Base; path = Base.lproj/LaunchScreen.storyboard; sourceTree = "<group>"; };
		94D442F422835EFD0042C79D /* Info.plist */ = {isa = PBXFileReference; lastKnownFileType = text.plist.xml; path = Info.plist; sourceTree = "<group>"; };
		94D442FA228360550042C79D /* SourcesTableViewController.swift */ = {isa = PBXFileReference; lastKnownFileType = sourcecode.swift; path = SourcesTableViewController.swift; sourceTree = "<group>"; };
		94D442FC228360F50042C79D /* Constants.swift */ = {isa = PBXFileReference; lastKnownFileType = sourcecode.swift; path = Constants.swift; sourceTree = "<group>"; };
		94D443002283653E0042C79D /* Sources.swift */ = {isa = PBXFileReference; lastKnownFileType = sourcecode.swift; path = Sources.swift; sourceTree = "<group>"; };
		94D44302228368F50042C79D /* ListOfNewsFromSource.swift */ = {isa = PBXFileReference; lastKnownFileType = sourcecode.swift; path = ListOfNewsFromSource.swift; sourceTree = "<group>"; };
		94D44304228371110042C79D /* SelectedSourceFeed.swift */ = {isa = PBXFileReference; lastKnownFileType = sourcecode.swift; path = SelectedSourceFeed.swift; sourceTree = "<group>"; };
		94D44306228447830042C79D /* CustomCell.swift */ = {isa = PBXFileReference; lastKnownFileType = sourcecode.swift; path = CustomCell.swift; sourceTree = "<group>"; };
		94D4430822857E600042C79D /* EveryThing.swift */ = {isa = PBXFileReference; lastKnownFileType = sourcecode.swift; path = EveryThing.swift; sourceTree = "<group>"; };
		94D4430C228599660042C79D /* CellCustom.swift */ = {isa = PBXFileReference; lastKnownFileType = sourcecode.swift; path = CellCustom.swift; sourceTree = "<group>"; };
		94D4430E2285BA570042C79D /* AdvanceSearch.swift */ = {isa = PBXFileReference; lastKnownFileType = sourcecode.swift; path = AdvanceSearch.swift; sourceTree = "<group>"; };
/* End PBXFileReference section */

/* Begin PBXFrameworksBuildPhase section */
		94D442E222835EFD0042C79D /* Frameworks */ = {
			isa = PBXFrameworksBuildPhase;
			buildActionMask = 2147483647;
			files = (
			);
			runOnlyForDeploymentPostprocessing = 0;
		};
/* End PBXFrameworksBuildPhase section */

/* Begin PBXGroup section */
		94D442DC22835EFD0042C79D = {
			isa = PBXGroup;
			children = (
				94D442E722835EFD0042C79D /* Deli News */,
				94D442E622835EFD0042C79D /* Products */,
			);
			sourceTree = "<group>";
		};
		94D442E622835EFD0042C79D /* Products */ = {
			isa = PBXGroup;
			children = (
				94D442E522835EFD0042C79D /* Deli News.app */,
			);
			name = Products;
			sourceTree = "<group>";
		};
		94D442E722835EFD0042C79D /* Deli News */ = {
			isa = PBXGroup;
			children = (
				94D442E822835EFD0042C79D /* AppDelegate.swift */,
				94D442EC22835EFD0042C79D /* Main.storyboard */,
				94D4430C228599660042C79D /* CellCustom.swift */,
				94D4430822857E600042C79D /* EveryThing.swift */,
				94D44306228447830042C79D /* CustomCell.swift */,
				94D442FA228360550042C79D /* SourcesTableViewController.swift */,
				94D44302228368F50042C79D /* ListOfNewsFromSource.swift */,
				94D442FC228360F50042C79D /* Constants.swift */,
				94D443002283653E0042C79D /* Sources.swift */,
				94D44304228371110042C79D /* SelectedSourceFeed.swift */,
				94D4430E2285BA570042C79D /* AdvanceSearch.swift */,
				94D442EF22835EFD0042C79D /* Assets.xcassets */,
				94D442F122835EFD0042C79D /* LaunchScreen.storyboard */,
				94D442F422835EFD0042C79D /* Info.plist */,
			);
			path = "Deli News";
			sourceTree = "<group>";
		};
/* End PBXGroup section */

/* Begin PBXNativeTarget section */
		94D442E422835EFD0042C79D /* Deli News */ = {
			isa = PBXNativeTarget;
			buildConfigurationList = 94D442F722835EFD0042C79D /* Build configuration list for PBXNativeTarget "Deli News" */;
			buildPhases = (
				94D442E122835EFD0042C79D /* Sources */,
				94D442E222835EFD0042C79D /* Frameworks */,
				94D442E322835EFD0042C79D /* Resources */,
			);
			buildRules = (
			);
			dependencies = (
			);
			name = "Deli News";
			productName = "Deli News";
			productReference = 94D442E522835EFD0042C79D /* Deli News.app */;
			productType = "com.apple.product-type.application";
		};
/* End PBXNativeTarget section */

/* Begin PBXProject section */
		94D442DD22835EFD0042C79D /* Project object */ = {
			isa = PBXProject;
			attributes = {
				LastSwiftUpdateCheck = 1020;
				LastUpgradeCheck = 1020;
				ORGANIZATIONNAME = taptap;
				TargetAttributes = {
					94D442E422835EFD0042C79D = {
						CreatedOnToolsVersion = 10.2.1;
					};
				};
			};
			buildConfigurationList = 94D442E022835EFD0042C79D /* Build configuration list for PBXProject "Deli News" */;
			compatibilityVersion = "Xcode 9.3";
			developmentRegion = en;
			hasScannedForEncodings = 0;
			knownRegions = (
				en,
				Base,
			);
			mainGroup = 94D442DC22835EFD0042C79D;
			productRefGroup = 94D442E622835EFD0042C79D /* Products */;
			projectDirPath = "";
			projectRoot = "";
			targets = (
				94D442E422835EFD0042C79D /* Deli News */,
			);
		};
/* End PBXProject section */

/* Begin PBXResourcesBuildPhase section */
		94D442E322835EFD0042C79D /* Resources */ = {
			isa = PBXResourcesBuildPhase;
			buildActionMask = 2147483647;
			files = (
				94D442F322835EFD0042C79D /* LaunchScreen.storyboard in Resources */,
				94D442F022835EFD0042C79D /* Assets.xcassets in Resources */,
				94D442EE22835EFD0042C79D /* Main.storyboard in Resources */,
			);
			runOnlyForDeploymentPostprocessing = 0;
		};
/* End PBXResourcesBuildPhase section */

/* Begin PBXSourcesBuildPhase section */
		94D442E122835EFD0042C79D /* Sources */ = {
			isa = PBXSourcesBuildPhase;
			buildActionMask = 2147483647;
			files = (
				94D4430F2285BA570042C79D /* AdvanceSearch.swift in Sources */,
				94D4430922857E600042C79D /* EveryThing.swift in Sources */,
				94D44303228368F50042C79D /* ListOfNewsFromSource.swift in Sources */,
				94D44305228371110042C79D /* SelectedSourceFeed.swift in Sources */,
				94D443012283653E0042C79D /* Sources.swift in Sources */,
				94D442FB228360550042C79D /* SourcesTableViewController.swift in Sources */,
				94D442E922835EFD0042C79D /* AppDelegate.swift in Sources */,
				94D44307228447830042C79D /* CustomCell.swift in Sources */,
				94D4430D228599660042C79D /* CellCustom.swift in Sources */,
				94D442FD228360F50042C79D /* Constants.swift in Sources */,
			);
			runOnlyForDeploymentPostprocessing = 0;
		};
/* End PBXSourcesBuildPhase section */

/* Begin PBXVariantGroup section */
		94D442EC22835EFD0042C79D /* Main.storyboard */ = {
			isa = PBXVariantGroup;
			children = (
				94D442ED22835EFD0042C79D /* Base */,
			);
			name = Main.storyboard;
			sourceTree = "<group>";
		};
		94D442F122835EFD0042C79D /* LaunchScreen.storyboard */ = {
			isa = PBXVariantGroup;
			children = (
				94D442F222835EFD0042C79D /* Base */,
			);
			name = LaunchScreen.storyboard;
			sourceTree = "<group>";
		};
/* End PBXVariantGroup section */

/* Begin XCBuildConfiguration section */
		94D442F522835EFD0042C79D /* Debug */ = {
			isa = XCBuildConfiguration;
			buildSettings = {
				ALWAYS_SEARCH_USER_PATHS = NO;
				CLANG_ANALYZER_NONNULL = YES;
				CLANG_ANALYZER_NUMBER_OBJECT_CONVERSION = YES_AGGRESSIVE;
				CLANG_CXX_LANGUAGE_STANDARD = "gnu++14";
				CLANG_CXX_LIBRARY = "libc++";
				CLANG_ENABLE_MODULES = YES;
				CLANG_ENABLE_OBJC_ARC = YES;
				CLANG_ENABLE_OBJC_WEAK = YES;
				CLANG_WARN_BLOCK_CAPTURE_AUTORELEASING = YES;
				CLANG_WARN_BOOL_CONVERSION = YES;
				CLANG_WARN_COMMA = YES;
				CLANG_WARN_CONSTANT_CONVERSION = YES;
				CLANG_WARN_DEPRECATED_OBJC_IMPLEMENTATIONS = YES;
				CLANG_WARN_DIRECT_OBJC_ISA_USAGE = YES_ERROR;
				CLANG_WARN_DOCUMENTATION_COMMENTS = YES;
				CLANG_WARN_EMPTY_BODY = YES;
				CLANG_WARN_ENUM_CONVERSION = YES;
				CLANG_WARN_INFINITE_RECURSION = YES;
				CLANG_WARN_INT_CONVERSION = YES;
				CLANG_WARN_NON_LITERAL_NULL_CONVERSION = YES;
				CLANG_WARN_OBJC_IMPLICIT_RETAIN_SELF = YES;
				CLANG_WARN_OBJC_LITERAL_CONVERSION = YES;
				CLANG_WARN_OBJC_ROOT_CLASS = YES_ERROR;
				CLANG_WARN_RANGE_LOOP_ANALYSIS = YES;
				CLANG_WARN_STRICT_PROTOTYPES = YES;
				CLANG_WARN_SUSPICIOUS_MOVE = YES;
				CLANG_WARN_UNGUARDED_AVAILABILITY = YES_AGGRESSIVE;
				CLANG_WARN_UNREACHABLE_CODE = YES;
				CLANG_WARN__DUPLICATE_METHOD_MATCH = YES;
				CODE_SIGN_IDENTITY = "iPhone Developer";
				COPY_PHASE_STRIP = NO;
				DEBUG_INFORMATION_FORMAT = dwarf;
				ENABLE_STRICT_OBJC_MSGSEND = YES;
				ENABLE_TESTABILITY = YES;
				GCC_C_LANGUAGE_STANDARD = gnu11;
				GCC_DYNAMIC_NO_PIC = NO;
				GCC_NO_COMMON_BLOCKS = YES;
				GCC_OPTIMIZATION_LEVEL = 0;
				GCC_PREPROCESSOR_DEFINITIONS = (
					"DEBUG=1",
					"$(inherited)",
				);
				GCC_WARN_64_TO_32_BIT_CONVERSION = YES;
				GCC_WARN_ABOUT_RETURN_TYPE = YES_ERROR;
				GCC_WARN_UNDECLARED_SELECTOR = YES;
				GCC_WARN_UNINITIALIZED_AUTOS = YES_AGGRESSIVE;
				GCC_WARN_UNUSED_FUNCTION = YES;
				GCC_WARN_UNUSED_VARIABLE = YES;
				IPHONEOS_DEPLOYMENT_TARGET = 12.2;
				MTL_ENABLE_DEBUG_INFO = INCLUDE_SOURCE;
				MTL_FAST_MATH = YES;
				ONLY_ACTIVE_ARCH = YES;
				SDKROOT = iphoneos;
				SWIFT_ACTIVE_COMPILATION_CONDITIONS = DEBUG;
				SWIFT_OPTIMIZATION_LEVEL = "-Onone";
			};
			name = Debug;
		};
		94D442F622835EFD0042C79D /* Release */ = {
			isa = XCBuildConfiguration;
			buildSettings = {
				ALWAYS_SEARCH_USER_PATHS = NO;
				CLANG_ANALYZER_NONNULL = YES;
				CLANG_ANALYZER_NUMBER_OBJECT_CONVERSION = YES_AGGRESSIVE;
				CLANG_CXX_LANGUAGE_STANDARD = "gnu++14";
				CLANG_CXX_LIBRARY = "libc++";
				CLANG_ENABLE_MODULES = YES;
				CLANG_ENABLE_OBJC_ARC = YES;
				CLANG_ENABLE_OBJC_WEAK = YES;
				CLANG_WARN_BLOCK_CAPTURE_AUTORELEASING = YES;
				CLANG_WARN_BOOL_CONVERSION = YES;
				CLANG_WARN_COMMA = YES;
				CLANG_WARN_CONSTANT_CONVERSION = YES;
				CLANG_WARN_DEPRECATED_OBJC_IMPLEMENTATIONS = YES;
				CLANG_WARN_DIRECT_OBJC_ISA_USAGE = YES_ERROR;
				CLANG_WARN_DOCUMENTATION_COMMENTS = YES;
				CLANG_WARN_EMPTY_BODY = YES;
				CLANG_WARN_ENUM_CONVERSION = YES;
				CLANG_WARN_INFINITE_RECURSION = YES;
				CLANG_WARN_INT_CONVERSION = YES;
				CLANG_WARN_NON_LITERAL_NULL_CONVERSION = YES;
				CLANG_WARN_OBJC_IMPLICIT_RETAIN_SELF = YES;
				CLANG_WARN_OBJC_LITERAL_CONVERSION = YES;
				CLANG_WARN_OBJC_ROOT_CLASS = YES_ERROR;
				CLANG_WARN_RANGE_LOOP_ANALYSIS = YES;
				CLANG_WARN_STRICT_PROTOTYPES = YES;
				CLANG_WARN_SUSPICIOUS_MOVE = YES;
				CLANG_WARN_UNGUARDED_AVAILABILITY = YES_AGGRESSIVE;
				CLANG_WARN_UNREACHABLE_CODE = YES;
				CLANG_WARN__DUPLICATE_METHOD_MATCH = YES;
				CODE_SIGN_IDENTITY = "iPhone Developer";
				COPY_PHASE_STRIP = NO;
				DEBUG_INFORMATION_FORMAT = "dwarf-with-dsym";
				ENABLE_NS_ASSERTIONS = NO;
				ENABLE_STRICT_OBJC_MSGSEND = YES;
				GCC_C_LANGUAGE_STANDARD = gnu11;
				GCC_NO_COMMON_BLOCKS = YES;
				GCC_WARN_64_TO_32_BIT_CONVERSION = YES;
				GCC_WARN_ABOUT_RETURN_TYPE = YES_ERROR;
				GCC_WARN_UNDECLARED_SELECTOR = YES;
				GCC_WARN_UNINITIALIZED_AUTOS = YES_AGGRESSIVE;
				GCC_WARN_UNUSED_FUNCTION = YES;
				GCC_WARN_UNUSED_VARIABLE = YES;
				IPHONEOS_DEPLOYMENT_TARGET = 12.2;
				MTL_ENABLE_DEBUG_INFO = NO;
				MTL_FAST_MATH = YES;
				SDKROOT = iphoneos;
				SWIFT_COMPILATION_MODE = wholemodule;
				SWIFT_OPTIMIZATION_LEVEL = "-O";
				VALIDATE_PRODUCT = YES;
			};
			name = Release;
		};
		94D442F822835EFD0042C79D /* Debug */ = {
			isa = XCBuildConfiguration;
			buildSettings = {
				ASSETCATALOG_COMPILER_APPICON_NAME = AppIcon;
				CODE_SIGN_STYLE = Automatic;
				DEVELOPMENT_TEAM = 34928A9DUL;
				INFOPLIST_FILE = "Deli News/Info.plist";
				LD_RUNPATH_SEARCH_PATHS = (
					"$(inherited)",
					"@executable_path/Frameworks",
				);
				PRODUCT_BUNDLE_IDENTIFIER = "taptap.Deli-News";
				PRODUCT_NAME = "$(TARGET_NAME)";
				SWIFT_VERSION = 5.0;
				TARGETED_DEVICE_FAMILY = "1,2";
			};
			name = Debug;
		};
		94D442F922835EFD0042C79D /* Release */ = {
			isa = XCBuildConfiguration;
			buildSettings = {
				ASSETCATALOG_COMPILER_APPICON_NAME = AppIcon;
				CODE_SIGN_STYLE = Automatic;
				DEVELOPMENT_TEAM = 34928A9DUL;
				INFOPLIST_FILE = "Deli News/Info.plist";
				LD_RUNPATH_SEARCH_PATHS = (
					"$(inherited)",
					"@executable_path/Frameworks",
				);
				PRODUCT_BUNDLE_IDENTIFIER = "taptap.Deli-News";
				PRODUCT_NAME = "$(TARGET_NAME)";
				SWIFT_VERSION = 5.0;
				TARGETED_DEVICE_FAMILY = "1,2";
			};
			name = Release;
		};
/* End XCBuildConfiguration section */

/* Begin XCConfigurationList section */
		94D442E022835EFD0042C79D /* Build configuration list for PBXProject "Deli News" */ = {
			isa = XCConfigurationList;
			buildConfigurations = (
				94D442F522835EFD0042C79D /* Debug */,
				94D442F622835EFD0042C79D /* Release */,
			);
			defaultConfigurationIsVisible = 0;
			defaultConfigurationName = Release;
		};
		94D442F722835EFD0042C79D /* Build configuration list for PBXNativeTarget "Deli News" */ = {
			isa = XCConfigurationList;
			buildConfigurations = (
				94D442F822835EFD0042C79D /* Debug */,
				94D442F922835EFD0042C79D /* Release */,
			);
			defaultConfigurationIsVisible = 0;
			defaultConfigurationName = Release;
		};
/* End XCConfigurationList section */
	};
	rootObject = 94D442DD22835EFD0042C79D /* Project object */;
}
